version: 2
sources:
- url: github.com/pedromvgomes/agentic-toolkit.git
  ref: main
  sha: 2d57f0ae861ec13f2309a3296e46865851dd9692
- url: github.com/anthropics/skills.git
  ref: main
  sha: 34040c9c568585f6929bedeaad110ad08f079624
config_digest: sha256:61d68b76a4832592c4c8a405ccc8ee615269db979c05ade589ed66e3df3cf68d
